
Microsoft Visual Studio Solution File, Format Version 12.00
# Visual Studio Version 17
VisualStudioVersion = 17.9.34902.65
MinimumVisualStudioVersion = 10.0.40219.1
Project("{FAE04EC0-301F-11D3-BF4B-00C04F79EFBC}") = "SoLoMo", "SoLoMo.csproj", "{9157A643-E2B8-4642-9DDB-FD9C1A37E8C0}"
EndProject
Global
	GlobalSection(SolutionConfigurationPlatforms) = preSolution
		Debug|Any CPU = Debug|Any CPU
		Release|Any CPU = Release|Any CPU
	EndGlobalSection
	GlobalSection(ProjectConfigurationPlatforms) = postSolution
		{9157A643-E2B8-4642-9DDB-FD9C1A37E8C0}.Debug|Any CPU.ActiveCfg = Debug|Any CPU
		{9157A643-E2B8-4642-9DDB-FD9C1A37E8C0}.Debug|Any CPU.Build.0 = Debug|Any CPU
		{9157A643-E2B8-4642-9DDB-FD9C1A37E8C0}.Release|Any CPU.ActiveCfg = Release|Any CPU
		{9157A643-E2B8-4642-9DDB-FD9C1A37E8C0}.Release|Any CPU.Build.0 = Release|Any CPU
	EndGlobalSection
	GlobalSection(SolutionProperties) = preSolution
		HideSolutionNode = FALSE
	EndGlobalSection
	GlobalSection(ExtensibilityGlobals) = postSolution
		SolutionGuid = {F3B3B465-CFEB-4802-AEC1-084FDE670051}
	EndGlobalSection
EndGlobal
